{
  "name": "@annotation-studio/server",
  "version": "1.0.0",
  "lockfileVersion": 1,
  "requires": true,
  "dependencies": {
    "koa-cors": {
      "version": "0.0.16",
      "resolved": "https://registry.npmjs.org/koa-cors/-/koa-cors-0.0.16.tgz",
      "integrity": "sha1-mBB5k6eQnjTAQphsXsYVbXfzQy4="
    }
  }
}
